<?xml version="1.0" encoding="utf-8"?>
<Project ToolsVersion="16.0" xmlns="http://schemas.microsoft.com/developer/msbuild/2003">
  <ItemGroup>
    <ClCompile Include="F:\ENGINE_workplace\Vizon\Framework\Common\BaseApplication.cpp">
      <Filter>Source Files</Filter>
    </ClCompile>
    <ClCompile Include="F:\ENGINE_workplace\Vizon\Framework\Common\main.cpp">
      <Filter>Source Files</Filter>
    </ClCompile>
  </ItemGroup>
  <ItemGroup>
    <CustomBuild Include="F:\ENGINE_workplace\Vizon\Framework\Common\CMakeLists.txt" />
  </ItemGroup>
  <ItemGroup>
    <Filter Include="Source Files">
      <UniqueIdentifier>{1002BEB1-1ECF-3DDC-83F2-2FD7488CB8E5}</UniqueIdentifier>
    </Filter>
  </ItemGroup>
</Project>
